{
  "originHash" : "af57ec271e51d6743d8d5de17d0378c5c593331081bd3c110c5ca46764ecc95b",
  "pins" : [
    {
      "identity" : "permissionflow",
      "kind" : "remoteSourceControl",
      "location" : "https://github.com/LPFchan/PermissionFlow",
      "state" : {
        "revision" : "4ceff2a83937f4c039fc4cf1b31eb18587c38459",
        "version" : "2.11.2-swift6.1"
      }
    },
    {
      "identity" : "sparkle",
      "kind" : "remoteSourceControl",
      "location" : "https://github.com/sparkle-project/Sparkle",
      "state" : {
        "revision" : "eef1a539a373c1f1a320624b1130fc5de7b2e100",
        "version" : "2.10.0"
      }
    }
  ],
  "version" : 3
}
